Microsoft Visual Studio Solution File, Format Version 12.00
# Visual Studio Version 17
VisualStudioVersion = 17.5.2.0
MinimumVisualStudioVersion = 10.0.40219.1
Project("{FAE04EC0-301F-11D3-BF4B-00C04F79EFBC}") = "week02", "week02.csproj", "{79348609-05BB-D09A-6456-221837F372AC}"
EndProject
Project("{FAE04EC0-301F-11D3-BF4B-00C04F79EFBC}") = "Resumes", "Resumes\Resumes.csproj", "{8DCFA884-3BE0-07A7-536D-C604967CDEE5}"
EndProject
Global
	GlobalSection(SolutionConfigurationPlatforms) = preSolution
		Debug|Any CPU = Debug|Any CPU
		Release|Any CPU = Release|Any CPU
	EndGlobalSection
	GlobalSection(ProjectConfigurationPlatforms) = postSolution
		{79348609-05BB-D09A-6456-221837F372AC}.Debug|Any CPU.ActiveCfg = Debug|Any CPU
		{79348609-05BB-D09A-6456-221837F372AC}.Debug|Any CPU.Build.0 = Debug|Any CPU
		{79348609-05BB-D09A-6456-221837F372AC}.Release|Any CPU.ActiveCfg = Release|Any CPU
		{79348609-05BB-D09A-6456-221837F372AC}.Release|Any CPU.Build.0 = Release|Any CPU
		{8DCFA884-3BE0-07A7-536D-C604967CDEE5}.Debug|Any CPU.ActiveCfg = Debug|Any CPU
		{8DCFA884-3BE0-07A7-536D-C604967CDEE5}.Debug|Any CPU.Build.0 = Debug|Any CPU
		{8DCFA884-3BE0-07A7-536D-C604967CDEE5}.Release|Any CPU.ActiveCfg = Release|Any CPU
		{8DCFA884-3BE0-07A7-536D-C604967CDEE5}.Release|Any CPU.Build.0 = Release|Any CPU
	EndGlobalSection
	GlobalSection(SolutionProperties) = preSolution
		HideSolutionNode = FALSE
	EndGlobalSection
	GlobalSection(ExtensibilityGlobals) = postSolution
		SolutionGuid = {4B1B0412-02E7-4B8F-BFB2-2E9B07DF3483}
	EndGlobalSection
EndGlobal
